
Microsoft Visual Studio Solution File, Format Version 12.00
# Visual Studio Version 17
VisualStudioVersion = 17.9.34616.47
MinimumVisualStudioVersion = 10.0.40219.1
Project("{FAE04EC0-301F-11D3-BF4B-00C04F79EFBC}") = "SeniorsRegistry", "SeniorsRegistry\SeniorsRegistry.csproj", "{57D5172E-2872-4396-BFD2-FC46C4C10513}"
EndProject
Global
	GlobalSection(SolutionConfigurationPlatforms) = preSolution
		Debug|Any CPU = Debug|Any CPU
		Release|Any CPU = Release|Any CPU
	EndGlobalSection
	GlobalSection(ProjectConfigurationPlatforms) = postSolution
		{57D5172E-2872-4396-BFD2-FC46C4C10513}.Debug|Any CPU.ActiveCfg = Debug|Any CPU
		{57D5172E-2872-4396-BFD2-FC46C4C10513}.Debug|Any CPU.Build.0 = Debug|Any CPU
		{57D5172E-2872-4396-BFD2-FC46C4C10513}.Release|Any CPU.ActiveCfg = Release|Any CPU
		{57D5172E-2872-4396-BFD2-FC46C4C10513}.Release|Any CPU.Build.0 = Release|Any CPU
	EndGlobalSection
	GlobalSection(SolutionProperties) = preSolution
		HideSolutionNode = FALSE
	EndGlobalSection
	GlobalSection(ExtensibilityGlobals) = postSolution
		SolutionGuid = {D2979138-E52A-4FF7-89A0-3B036615BDA2}
	EndGlobalSection
EndGlobal
